
Microsoft Visual Studio Solution File, Format Version 12.00
# Visual Studio Version 16
VisualStudioVersion = 16.0.31105.61
MinimumVisualStudioVersion = 10.0.40219.1
Project("{FAE04EC0-301F-11D3-BF4B-00C04F79EFBC}") = "ClientTest", "ClientTest\ClientTest.csproj", "{A127D979-3899-4156-8771-0717B7805D77}"
EndProject
Project("{FAE04EC0-301F-11D3-BF4B-00C04F79EFBC}") = "TestServer", "TestServer\TestServer.csproj", "{7E4E091A-1A62-4318-8F2C-FD69B1325BF4}"
EndProject
Global
	GlobalSection(SolutionConfigurationPlatforms) = preSolution
		Debug|Any CPU = Debug|Any CPU
		Release|Any CPU = Release|Any CPU
	EndGlobalSection
	GlobalSection(ProjectConfigurationPlatforms) = postSolution
		{A127D979-3899-4156-8771-0717B7805D77}.Debug|Any CPU.ActiveCfg = Debug|Any CPU
		{A127D979-3899-4156-8771-0717B7805D77}.Debug|Any CPU.Build.0 = Debug|Any CPU
		{A127D979-3899-4156-8771-0717B7805D77}.Release|Any CPU.ActiveCfg = Release|Any CPU
		{A127D979-3899-4156-8771-0717B7805D77}.Release|Any CPU.Build.0 = Release|Any CPU
		{7E4E091A-1A62-4318-8F2C-FD69B1325BF4}.Debug|Any CPU.ActiveCfg = Debug|Any CPU
		{7E4E091A-1A62-4318-8F2C-FD69B1325BF4}.Debug|Any CPU.Build.0 = Debug|Any CPU
		{7E4E091A-1A62-4318-8F2C-FD69B1325BF4}.Release|Any CPU.ActiveCfg = Release|Any CPU
		{7E4E091A-1A62-4318-8F2C-FD69B1325BF4}.Release|Any CPU.Build.0 = Release|Any CPU
	EndGlobalSection
	GlobalSection(SolutionProperties) = preSolution
		HideSolutionNode = FALSE
	EndGlobalSection
	GlobalSection(ExtensibilityGlobals) = postSolution
		SolutionGuid = {77366C65-ACB7-488E-8058-E95F862B475B}
	EndGlobalSection
EndGlobal
